{
  "R": {
    "Version": "4.1.1",
    "Repositories": [
      {
        "Name": "CRAN",
        "URL": "https://cran.tsd.usit.no"
      },
      {
        "Name": "BIOCONDUCTOR",
        "URL": "https://bioconductor.tsd.usit.no"
      },
      {
        "Name": "BIOCONDUCTOR-annotation",
        "URL": "https://bioconductor.tsd.usit.no/data/annotation"
      },
      {
        "Name": "BIOCONDUCTOR-experiment",
        "URL": "https://bioconductor.tsd.usit.no/data/experiment"
      },
      {
        "Name": "BioC_mirror",
        "URL": "https://bioconductor.tsd.usit.no"
      }
    ]
  },
  "Bioconductor": {
    "Version": "unknown version: Bioconductor version cannot be validated; no internet connection?"
  },
  "Packages": {
    "AnnotationDbi": {
      "Package": "AnnotationDbi",
      "Version": "1.52.0",
      "Source": "Bioconductor",
      "Hash": "ca5106b296b3aa6af713ce197be547c1"
    },
    "BH": {
      "Package": "BH",
      "Version": "1.75.0-0",
      "Source": "Repository",
      "Repository": "CRAN",
      "Hash": "e4c04affc2cac20c8fec18385cd14691"
    },
    "Biobase": {
      "Package": "Biobase",
      "Version": "2.50.0",
      "Source": "Bioconductor",
      "Hash": "f49586e579b712b7e55253aba0c9bc21"
    },
    "BiocFileCache": {
      "Package": "BiocFileCache",
      "Version": "1.14.0",
      "Source": "Bioconductor",
      "Hash": "1b129af4e6ee37b16d4d424aebed81f7"
    },
    "BiocGenerics": {
      "Package": "BiocGenerics",
      "Version": "0.36.1",
      "Source": "Bioconductor",
      "Hash": "f628c51eadc74ffd838b801cd22d589a"
    },
    "BiocManager": {
      "Package": "BiocManager",
      "Version": "1.30.16",
      "Source": "Repository",
      "Repository": "CRAN",
      "Hash": "2fdca0877debdd4668190832cdee4c31"
    },
    "BiocParallel": {
      "Package": "BiocParallel",
      "Version": "1.24.1",
      "Source": "Bioconductor",
      "Hash": "338a72852f019b3b51ae87dc82391eb3"
    },
    "Biostrings": {
      "Package": "Biostrings",
      "Version": "2.58.0",
      "Source": "Bioconductor",
      "Hash": "7025417314cfb2f1be19919998874466"
    },
    "DBI": {
      "Package": "DBI",
      "Version": "1.1.1",
      "Source": "Repository",
      "Repository": "CRAN",
      "Hash": "030aaec5bc6553f35347cbb1e70b1a17"
    },
    "DelayedArray": {
      "Package": "DelayedArray",
      "Version": "0.16.3",
      "Source": "Bioconductor",
      "Hash": "a87d32010153cba996c97fe2a52403e6"
    },
    "DelayedMatrixStats": {
      "Package": "DelayedMatrixStats",
      "Version": "1.12.3",
      "Source": "Bioconductor",
      "Hash": "1a9c016231c53483de05bec235ff8bfd"
    },
    "FDb.InfiniumMethylation.hg19": {
      "Package": "FDb.InfiniumMethylation.hg19",
      "Version": "2.2.0",
      "Source": "Bioconductor",
      "Hash": "a11e10510f7fce066f863a98501d1332"
    },
    "GEOquery": {
      "Package": "GEOquery",
      "Version": "2.58.0",
      "Source": "Bioconductor",
      "Hash": "b17420379c5ef4c956f52362d8f824c8"
    },
    "GenomeInfoDb": {
      "Package": "GenomeInfoDb",
      "Version": "1.26.7",
      "Source": "Bioconductor",
      "Hash": "b8b4dfceea20ddae8893aa4ccb242dea"
    },
    "GenomeInfoDbData": {
      "Package": "GenomeInfoDbData",
      "Version": "1.2.4",
      "Source": "Bioconductor",
      "Hash": "8e9c39ceac5f1d98d3267541853fca31"
    },
    "GenomicAlignments": {
      "Package": "GenomicAlignments",
      "Version": "1.26.0",
      "Source": "Bioconductor",
      "Hash": "b39d47616678079df56fb8fcf07c707d"
    },
    "GenomicFeatures": {
      "Package": "GenomicFeatures",
      "Version": "1.42.3",
      "Source": "Bioconductor",
      "Hash": "6dc0d423611db813aa38c2a9fbe56426"
    },
    "GenomicRanges": {
      "Package": "GenomicRanges",
      "Version": "1.42.0",
      "Source": "Bioconductor",
      "Hash": "2826edf1a5ff7d6ce991ec5ed918ec5f"
    },
    "HDF5Array": {
      "Package": "HDF5Array",
      "Version": "1.18.1",
      "Source": "Bioconductor",
      "Hash": "07fd74c160b1265137c0cdd815dc42b5"
    },
    "IRanges": {
      "Package": "IRanges",
      "Version": "2.24.1",
      "Source": "Bioconductor",
      "Hash": "21b3bc3dfb55cb9501c5f3413b35388c"
    },
    "IlluminaHumanMethylation450kanno.ilmn12.hg19": {
      "Package": "IlluminaHumanMethylation450kanno.ilmn12.hg19",
      "Version": "0.6.0",
      "Source": "Bioconductor",
      "Hash": "c5a2e8920fe203619a8f3bc02733d18d"
    },
    "IlluminaHumanMethylationEPICmanifest": {
      "Package": "IlluminaHumanMethylationEPICmanifest",
      "Version": "0.3.0",
      "Source": "Bioconductor",
      "Hash": "ce8b29912b1b14c04f4381d38b22b161"
    },
    "KernSmooth": {
      "Package": "KernSmooth",
      "Version": "2.23-20",
      "Source": "Repository",
      "Repository": "CRAN",
      "Hash": "8dcfa99b14c296bc9f1fd64d52fd3ce7"
    },
    "MASS": {
      "Package": "MASS",
      "Version": "7.3-54",
      "Source": "Repository",
      "Repository": "CRAN",
      "Hash": "0e59129db205112e3963904db67fd0dc"
    },
    "Matrix": {
      "Package": "Matrix",
      "Version": "1.3-4",
      "Source": "Repository",
      "Repository": "CRAN",
      "Hash": "4ed05e9c9726267e4a5872e09c04587c"
    },
    "MatrixGenerics": {
      "Package": "MatrixGenerics",
      "Version": "1.2.1",
      "Source": "Bioconductor",
      "Hash": "fbae799fc848a8599a46a3adfe8a975a"
    },
    "R6": {
      "Package": "R6",
      "Version": "2.5.1",
      "Source": "Repository",
      "Repository": "CRAN",
      "Hash": "470851b6d5d0ac559e9d01bb352b4021"
    },
    "RColorBrewer": {
      "Package": "RColorBrewer",
      "Version": "1.1-2",
      "Source": "Repository",
      "Repository": "CRAN",
      "Hash": "e031418365a7f7a766181ab5a41a5716"
    },
    "RCurl": {
      "Package": "RCurl",
      "Version": "1.98-1.5",
      "Source": "Repository",
      "Repository": "CRAN",
      "Hash": "5cc50d9d40a284cb8b1c8604901acf89"
    },
    "ROC": {
      "Package": "ROC",
      "Version": "1.66.0",
      "Source": "Bioconductor",
      "Hash": "4a8822def1b414f272f526378e07a3c2"
    },
    "RPMM": {
      "Package": "RPMM",
      "Version": "1.25",
      "Source": "Repository",
      "Repository": "CRAN",
      "Hash": "30e766c6a53c90830cb5313a1c57df7d"
    },
    "RSQLite": {
      "Package": "RSQLite",
      "Version": "2.2.8",
      "Source": "Repository",
      "Repository": "CRAN",
      "Hash": "1eab1dd4df2b76758fd8acab09a0e9b6"
    },
    "Rcpp": {
      "Package": "Rcpp",
      "Version": "1.0.7",
      "Source": "Repository",
      "Repository": "CRAN",
      "Hash": "dab19adae4440ae55aa8a9d238b246bb"
    },
    "Rhdf5lib": {
      "Package": "Rhdf5lib",
      "Version": "1.12.1",
      "Source": "Bioconductor",
      "Hash": "7dc9be3558a910226d64a2040520dc7f"
    },
    "Rhtslib": {
      "Package": "Rhtslib",
      "Version": "1.22.0",
      "Source": "Bioconductor",
      "Hash": "bc1c8c2d34d2649ff80c22237c3a03ed"
    },
    "Rsamtools": {
      "Package": "Rsamtools",
      "Version": "2.6.0",
      "Source": "Bioconductor",
      "Hash": "7d5b0ec921f85730aafe82f0f94f76c0"
    },
    "S4Vectors": {
      "Package": "S4Vectors",
      "Version": "0.28.1",
      "Source": "Bioconductor",
      "Hash": "f558c55a285751bd72af11d2bb853521"
    },
    "SummarizedExperiment": {
      "Package": "SummarizedExperiment",
      "Version": "1.20.0",
      "Source": "Bioconductor",
      "Hash": "2da24c5f66521d18cff602d324834b20"
    },
    "TxDb.Hsapiens.UCSC.hg19.knownGene": {
      "Package": "TxDb.Hsapiens.UCSC.hg19.knownGene",
      "Version": "3.2.2",
      "Source": "Bioconductor",
      "Hash": "5d19899944856d66d65ae635c4be688d"
    },
    "XML": {
      "Package": "XML",
      "Version": "3.99-0.8",
      "Source": "Repository",
      "Repository": "CRAN",
      "Hash": "d493b952a9073c62f72392a673d7c548"
    },
    "XVector": {
      "Package": "XVector",
      "Version": "0.30.0",
      "Source": "Bioconductor",
      "Hash": "9bd9f991fb4ecde6adeff2fa2e401cc5"
    },
    "affy": {
      "Package": "affy",
      "Version": "1.70.0",
      "Source": "Bioconductor",
      "Hash": "a6967b9739275a2917357a7499ebb211"
    },
    "affyio": {
      "Package": "affyio",
      "Version": "1.60.0",
      "Source": "Bioconductor",
      "Hash": "1c5d69af9526756efa3ee2fbcc08a5b1"
    },
    "annotate": {
      "Package": "annotate",
      "Version": "1.68.0",
      "Source": "Bioconductor",
      "Hash": "3553333f7949ea3d722760136f3660ae"
    },
    "askpass": {
      "Package": "askpass",
      "Version": "1.1",
      "Source": "Repository",
      "Repository": "CRAN",
      "Hash": "e8a22846fff485f0be3770c2da758713"
    },
    "assertthat": {
      "Package": "assertthat",
      "Version": "0.2.1",
      "Source": "Repository",
      "Repository": "CRAN",
      "Hash": "50c838a310445e954bc13f26f26a6ecf"
    },
    "base64": {
      "Package": "base64",
      "Version": "2.0",
      "Source": "Repository",
      "Repository": "CRAN",
      "Hash": "d86b5081d7db4c8ed343cdd35a7dbc43"
    },
    "beanplot": {
      "Package": "beanplot",
      "Version": "1.2",
      "Source": "Repository",
      "Repository": "CRAN",
      "Hash": "6e90c3cc2e99194e6cc25b9360896e58"
    },
    "biomaRt": {
      "Package": "biomaRt",
      "Version": "2.46.3",
      "Source": "Bioconductor",
      "Hash": "1dba821d9a19d3b70fa324cab2fb4d0b"
    },
    "bit": {
      "Package": "bit",
      "Version": "4.0.4",
      "Source": "Repository",
      "Repository": "CRAN",
      "Hash": "f36715f14d94678eea9933af927bc15d"
    },
    "bit64": {
      "Package": "bit64",
      "Version": "4.0.5",
      "Source": "Repository",
      "Repository": "CRAN",
      "Hash": "9fe98599ca456d6552421db0d6772d8f"
    },
    "bitops": {
      "Package": "bitops",
      "Version": "1.0-7",
      "Source": "Repository",
      "Repository": "CRAN",
      "Hash": "b7d8d8ee39869c18d8846a184dd8a1af"
    },
    "blob": {
      "Package": "blob",
      "Version": "1.2.2",
      "Source": "Repository",
      "Repository": "CRAN",
      "Hash": "dc5f7a6598bb025d20d66bb758f12879"
    },
    "bumphunter": {
      "Package": "bumphunter",
      "Version": "1.32.0",
      "Source": "Bioconductor",
      "Hash": "3dcb8bf694a3f5557c13e0f1f7e37a4a"
    },
    "cachem": {
      "Package": "cachem",
      "Version": "1.0.6",
      "Source": "Repository",
      "Repository": "CRAN",
      "Hash": "648c5b3d71e6a37e3043617489a0a0e9"
    },
    "cli": {
      "Package": "cli",
      "Version": "3.0.1",
      "Source": "Repository",
      "Repository": "CRAN",
      "Hash": "e3ae5d68dea0c55a12ea12a9fda02e61"
    },
    "clipr": {
      "Package": "clipr",
      "Version": "0.7.1",
      "Source": "Repository",
      "Repository": "CRAN",
      "Hash": "ebaa97ac99cc2daf04e77eecc7b781d7"
    },
    "cluster": {
      "Package": "cluster",
      "Version": "2.1.2",
      "Source": "Repository",
      "Repository": "CRAN",
      "Hash": "ce49bfe5bc0b3ecd43a01fe1b01c2243"
    },
    "codetools": {
      "Package": "codetools",
      "Version": "0.2-18",
      "Source": "Repository",
      "Repository": "CRAN",
      "Hash": "019388fc48e48b3da0d3a76ff94608a8"
    },
    "colorspace": {
      "Package": "colorspace",
      "Version": "2.0-2",
      "Source": "Repository",
      "Repository": "CRAN",
      "Hash": "6baccb763ee83c0bd313460fdb8b8a84"
    },
    "cpp11": {
      "Package": "cpp11",
      "Version": "0.4.0",
      "Source": "Repository",
      "Repository": "CRAN",
      "Hash": "40ba3fd26c8f61d8d14d334bc7761df9"
    },
    "crayon": {
      "Package": "crayon",
      "Version": "1.4.1",
      "Source": "Repository",
      "Repository": "CRAN",
      "Hash": "e75525c55c70e5f4f78c9960a4b402e9"
    },
    "curl": {
      "Package": "curl",
      "Version": "4.3.2",
      "Source": "Repository",
      "Repository": "CRAN",
      "Hash": "022c42d49c28e95d69ca60446dbabf88"
    },
    "data.table": {
      "Package": "data.table",
      "Version": "1.14.2",
      "Source": "Repository",
      "Repository": "CRAN",
      "Hash": "36b67b5adf57b292923f5659f5f0c853"
    },
    "dbplyr": {
      "Package": "dbplyr",
      "Version": "2.1.1",
      "Source": "Repository",
      "Repository": "CRAN",
      "Hash": "1f37fa4ab2f5f7eded42f78b9a887182"
    },
    "digest": {
      "Package": "digest",
      "Version": "0.6.28",
      "Source": "Repository",
      "Repository": "CRAN",
      "Hash": "49b5c6e230bfec487b8917d5a0c77cca"
    },
    "doRNG": {
      "Package": "doRNG",
      "Version": "1.8.2",
      "Source": "Repository",
      "Repository": "CRAN",
      "Hash": "a32487a942bdf5fd34224ad46f786e67"
    },
    "dplyr": {
      "Package": "dplyr",
      "Version": "1.0.7",
      "Source": "Repository",
      "Repository": "CRAN",
      "Hash": "36f1ae62f026c8ba9f9b5c9a08c03297"
    },
    "ellipsis": {
      "Package": "ellipsis",
      "Version": "0.3.2",
      "Source": "Repository",
      "Repository": "CRAN",
      "Hash": "bb0eec2fe32e88d9e2836c2f73ea2077"
    },
    "evaluate": {
      "Package": "evaluate",
      "Version": "0.14",
      "Source": "Repository",
      "Repository": "CRAN",
      "Hash": "ec8ca05cffcc70569eaaad8469d2a3a7"
    },
    "fansi": {
      "Package": "fansi",
      "Version": "0.5.0",
      "Source": "Repository",
      "Repository": "CRAN",
      "Hash": "d447b40982c576a72b779f0a3b3da227"
    },
    "farver": {
      "Package": "farver",
      "Version": "2.1.0",
      "Source": "Repository",
      "Repository": "CRAN",
      "Hash": "c98eb5133d9cb9e1622b8691487f11bb"
    },
    "fastmap": {
      "Package": "fastmap",
      "Version": "1.1.0",
      "Source": "Repository",
      "Repository": "CRAN",
      "Hash": "77bd60a6157420d4ffa93b27cf6a58b8"
    },
    "foreach": {
      "Package": "foreach",
      "Version": "1.5.1",
      "Source": "Repository",
      "Repository": "CRAN",
      "Hash": "e32cfc0973caba11b65b1fa691b4d8c9"
    },
    "formatR": {
      "Package": "formatR",
      "Version": "1.11",
      "Source": "Repository",
      "Repository": "CRAN",
      "Hash": "2590a6a868515a69f258640a51b724c9"
    },
    "futile.logger": {
      "Package": "futile.logger",
      "Version": "1.4.3",
      "Source": "Repository",
      "Repository": "CRAN",
      "Hash": "99f0ace8c05ec7d3683d27083c4f1e7e"
    },
    "futile.options": {
      "Package": "futile.options",
      "Version": "1.0.1",
      "Source": "Repository",
      "Repository": "CRAN",
      "Hash": "0d9bf02413ddc2bbe8da9ce369dcdd2b"
    },
    "genefilter": {
      "Package": "genefilter",
      "Version": "1.72.1",
      "Source": "Bioconductor",
      "Hash": "c25bd3bb0821c2e7cda02b177b20136b"
    },
    "generics": {
      "Package": "generics",
      "Version": "0.1.0",
      "Source": "Repository",
      "Repository": "CRAN",
      "Hash": "4d243a9c10b00589889fe32314ffd902"
    },
    "ggplot2": {
      "Package": "ggplot2",
      "Version": "3.3.5",
      "Source": "Repository",
      "Repository": "CRAN",
      "Hash": "d7566c471c7b17e095dd023b9ef155ad"
    },
    "glue": {
      "Package": "glue",
      "Version": "1.4.2",
      "Source": "Repository",
      "Repository": "CRAN",
      "Hash": "6efd734b14c6471cfe443345f3e35e29"
    },
    "gridExtra": {
      "Package": "gridExtra",
      "Version": "2.3",
      "Source": "Repository",
      "Repository": "CRAN",
      "Hash": "7d7f283939f563670a697165b2cf5560"
    },
    "gtable": {
      "Package": "gtable",
      "Version": "0.3.0",
      "Source": "Repository",
      "Repository": "CRAN",
      "Hash": "ac5c6baf7822ce8732b343f14c072c4d"
    },
    "highr": {
      "Package": "highr",
      "Version": "0.9",
      "Source": "Repository",
      "Repository": "CRAN",
      "Hash": "8eb36c8125038e648e5d111c0d7b2ed4"
    },
    "hms": {
      "Package": "hms",
      "Version": "1.1.1",
      "Source": "Repository",
      "Repository": "CRAN",
      "Hash": "5b8a2dd0fdbe2ab4f6081e6c7be6dfca"
    },
    "httr": {
      "Package": "httr",
      "Version": "1.4.2",
      "Source": "Repository",
      "Repository": "CRAN",
      "Hash": "a525aba14184fec243f9eaec62fbed43"
    },
    "illuminaio": {
      "Package": "illuminaio",
      "Version": "0.32.0",
      "Source": "Bioconductor",
      "Hash": "078952a0d13bd27e9277bd32c4275515"
    },
    "irlba": {
      "Package": "irlba",
      "Version": "2.3.3",
      "Source": "Repository",
      "Repository": "CRAN",
      "Hash": "a9ad517358000d57022401ef18ee657a"
    },
    "isoband": {
      "Package": "isoband",
      "Version": "0.2.5",
      "Source": "Repository",
      "Repository": "CRAN",
      "Hash": "7ab57a6de7f48a8dc84910d1eca42883"
    },
    "iterators": {
      "Package": "iterators",
      "Version": "1.0.13",
      "Source": "Repository",
      "Repository": "CRAN",
      "Hash": "64778782a89480e9a644f69aad9a2877"
    },
    "jsonlite": {
      "Package": "jsonlite",
      "Version": "1.7.2",
      "Source": "Repository",
      "Repository": "CRAN",
      "Hash": "98138e0994d41508c7a6b84a0600cfcb"
    },
    "knitr": {
      "Package": "knitr",
      "Version": "1.36",
      "Source": "Repository",
      "Repository": "CRAN",
      "Hash": "46344b93f8854714cdf476433a59ed10"
    },
    "labeling": {
      "Package": "labeling",
      "Version": "0.4.2",
      "Source": "Repository",
      "Repository": "CRAN",
      "Hash": "3d5108641f47470611a32d0bdf357a72"
    },
    "lambda.r": {
      "Package": "lambda.r",
      "Version": "1.2.4",
      "Source": "Repository",
      "Repository": "CRAN",
      "Hash": "b1e925c4b9ffeb901bacf812cbe9a6ad"
    },
    "lattice": {
      "Package": "lattice",
      "Version": "0.20-44",
      "Source": "Repository",
      "Repository": "CRAN",
      "Hash": "f36bf1a849d9106dc2af72e501f9de41"
    },
    "lifecycle": {
      "Package": "lifecycle",
      "Version": "1.0.1",
      "Source": "Repository",
      "Repository": "CRAN",
      "Hash": "a6b6d352e3ed897373ab19d8395c98d0"
    },
    "limma": {
      "Package": "limma",
      "Version": "3.46.0",
      "Source": "Bioconductor",
      "Hash": "78b860aa595c42e02464243a213b3e6d"
    },
    "locfit": {
      "Package": "locfit",
      "Version": "1.5-9.4",
      "Source": "Repository",
      "Repository": "CRAN",
      "Hash": "760b5b542e8435237d1b3c253bfe18e7"
    },
    "lumi": {
      "Package": "lumi",
      "Version": "2.42.0",
      "Source": "Bioconductor",
      "Hash": "76efdaf4c02533fdf0ec95d8ae8b35d4"
    },
    "magrittr": {
      "Package": "magrittr",
      "Version": "2.0.1",
      "Source": "Repository",
      "Repository": "CRAN",
      "Hash": "41287f1ac7d28a92f0a286ed507928d3"
    },
    "matrixStats": {
      "Package": "matrixStats",
      "Version": "0.61.0",
      "Source": "Repository",
      "Repository": "CRAN",
      "Hash": "b8e6221fc11247b12ab1b055a6f66c27"
    },
    "mclust": {
      "Package": "mclust",
      "Version": "5.4.7",
      "Source": "Repository",
      "Repository": "CRAN",
      "Hash": "94d378428bc227483a83ab1de21dce41"
    },
    "memoise": {
      "Package": "memoise",
      "Version": "2.0.0",
      "Source": "Repository",
      "Repository": "CRAN",
      "Hash": "a0bc51650201a56d00a4798523cc91b3"
    },
    "methylumi": {
      "Package": "methylumi",
      "Version": "2.36.0",
      "Source": "Bioconductor",
      "Hash": "3d79319b935c1fae50d66f02a4be5a4a"
    },
    "mgcv": {
      "Package": "mgcv",
      "Version": "1.8-36",
      "Source": "Repository",
      "Repository": "CRAN",
      "Hash": "93cc747b0e1ad882a4570463c3575c23"
    },
    "mime": {
      "Package": "mime",
      "Version": "0.12",
      "Source": "Repository",
      "Repository": "CRAN",
      "Hash": "18e9c28c1d3ca1560ce30658b22ce104"
    },
    "minfi": {
      "Package": "minfi",
      "Version": "1.36.0",
      "Source": "Bioconductor",
      "Hash": "f605aa4694dc4aa2804afc3ef7442de1"
    },
    "multtest": {
      "Package": "multtest",
      "Version": "2.46.0",
      "Source": "Bioconductor",
      "Hash": "ed9c77133258cbc68fdacc03a5388c36"
    },
    "munsell": {
      "Package": "munsell",
      "Version": "0.5.0",
      "Source": "Repository",
      "Repository": "CRAN",
      "Hash": "6dfe8bf774944bd5595785e3229d8771"
    },
    "nleqslv": {
      "Package": "nleqslv",
      "Version": "3.3.2",
      "Source": "Repository",
      "Repository": "CRAN",
      "Hash": "bd00b0d9f6e1aa1462a89eb05d992b38"
    },
    "nlme": {
      "Package": "nlme",
      "Version": "3.1-152",
      "Source": "Repository",
      "Repository": "CRAN",
      "Hash": "35de1ce639f20b5e10f7f46260730c65"
    },
    "nor1mix": {
      "Package": "nor1mix",
      "Version": "1.3-0",
      "Source": "Repository",
      "Repository": "CRAN",
      "Hash": "7c9bee2f4e411511faa0628a1aa13803"
    },
    "openssl": {
      "Package": "openssl",
      "Version": "1.4.5",
      "Source": "Repository",
      "Repository": "CRAN",
      "Hash": "5406fd37ef0bf9b88c8a4f264d6ec220"
    },
    "org.Hs.eg.db": {
      "Package": "org.Hs.eg.db",
      "Version": "3.12.0",
      "Source": "Bioconductor",
      "Hash": "3d2aea7762e91aa3d5b7c267c56d9055"
    },
    "pillar": {
      "Package": "pillar",
      "Version": "1.6.3",
      "Source": "Repository",
      "Repository": "CRAN",
      "Hash": "3323bc1a0988d63b5c65771ba0d3935d"
    },
    "pkgconfig": {
      "Package": "pkgconfig",
      "Version": "2.0.3",
      "Source": "Repository",
      "Repository": "CRAN",
      "Hash": "01f28d4278f15c76cddbea05899c5d6f"
    },
    "plogr": {
      "Package": "plogr",
      "Version": "0.2.0",
      "Source": "Repository",
      "Repository": "CRAN",
      "Hash": "09eb987710984fc2905c7129c7d85e65"
    },
    "plyr": {
      "Package": "plyr",
      "Version": "1.8.6",
      "Source": "Repository",
      "Repository": "CRAN",
      "Hash": "ec0e5ab4e5f851f6ef32cd1d1984957f"
    },
    "preprocessCore": {
      "Package": "preprocessCore",
      "Version": "1.52.1",
      "Source": "Bioconductor",
      "Hash": "d5c78cf1defde79ad72d44ac0e2276de"
    },
    "prettyunits": {
      "Package": "prettyunits",
      "Version": "1.1.1",
      "Source": "Repository",
      "Repository": "CRAN",
      "Hash": "95ef9167b75dde9d2ccc3c7528393e7e"
    },
    "progress": {
      "Package": "progress",
      "Version": "1.2.2",
      "Source": "Repository",
      "Repository": "CRAN",
      "Hash": "14dc9f7a3c91ebb14ec5bb9208a07061"
    },
    "purrr": {
      "Package": "purrr",
      "Version": "0.3.4",
      "Source": "Repository",
      "Repository": "CRAN",
      "Hash": "97def703420c8ab10d8f0e6c72101e02"
    },
    "quadprog": {
      "Package": "quadprog",
      "Version": "1.5-8",
      "Source": "Repository",
      "Repository": "CRAN",
      "Hash": "5f919ae5e7f83a6f91dcf2288943370d"
    },
    "rappdirs": {
      "Package": "rappdirs",
      "Version": "0.3.3",
      "Source": "Repository",
      "Repository": "CRAN",
      "Hash": "5e3c5dc0b071b21fa128676560dbe94d"
    },
    "readr": {
      "Package": "readr",
      "Version": "2.0.2",
      "Source": "Repository",
      "Repository": "CRAN",
      "Hash": "7cb2c3ecfbc2c6786221d2c0c1f6ed68"
    },
    "renv": {
      "Package": "renv",
      "Version": "0.14.0",
      "Source": "Repository",
      "Repository": "CRAN",
      "Hash": "30e5eba91b67f7f4d75d31de14bbfbdc"
    },
    "reshape": {
      "Package": "reshape",
      "Version": "0.8.8",
      "Source": "Repository",
      "Repository": "CRAN",
      "Hash": "0f4d941129e00ed34a7d192b1da7ccef"
    },
    "reshape2": {
      "Package": "reshape2",
      "Version": "1.4.4",
      "Source": "Repository",
      "Repository": "CRAN",
      "Hash": "bb5996d0bd962d214a11140d77589917"
    },
    "rhdf5": {
      "Package": "rhdf5",
      "Version": "2.34.0",
      "Source": "Bioconductor",
      "Hash": "bf25b880f72c8b6dcbd8719b5ac9113b"
    },
    "rhdf5filters": {
      "Package": "rhdf5filters",
      "Version": "1.2.0",
      "Source": "Bioconductor",
      "Hash": "9dee5e2185e9a498c7d910f6b3f33150"
    },
    "rlang": {
      "Package": "rlang",
      "Version": "0.4.11",
      "Source": "Repository",
      "Repository": "CRAN",
      "Hash": "515f341d3affe0de9e4a7f762efb0456"
    },
    "rngtools": {
      "Package": "rngtools",
      "Version": "1.5.2",
      "Source": "Repository",
      "Repository": "CRAN",
      "Hash": "367a915f939520767660671efa0e32bd"
    },
    "rtracklayer": {
      "Package": "rtracklayer",
      "Version": "1.50.0",
      "Source": "Bioconductor",
      "Hash": "3905c00eda8f95ab761abc0978ffa19d"
    },
    "scales": {
      "Package": "scales",
      "Version": "1.1.1",
      "Source": "Repository",
      "Repository": "CRAN",
      "Hash": "6f76f71042411426ec8df6c54f34e6dd"
    },
    "scrime": {
      "Package": "scrime",
      "Version": "1.3.5",
      "Source": "Repository",
      "Repository": "CRAN",
      "Hash": "c0f51b4881738a1b72a3a9d7cbc11e39"
    },
    "siggenes": {
      "Package": "siggenes",
      "Version": "1.64.0",
      "Source": "Bioconductor",
      "Hash": "f62d2a733e4fc06e98d111c3107101dc"
    },
    "snow": {
      "Package": "snow",
      "Version": "0.4-3",
      "Source": "Repository",
      "Repository": "CRAN",
      "Hash": "11b822ad6214111a4188d5e5fd1b144c"
    },
    "sparseMatrixStats": {
      "Package": "sparseMatrixStats",
      "Version": "1.2.1",
      "Source": "Bioconductor",
      "Hash": "1841edbaa151c369bd671a1b61bad097"
    },
    "stringi": {
      "Package": "stringi",
      "Version": "1.7.5",
      "Source": "Repository",
      "Repository": "CRAN",
      "Hash": "cd50dc9b449de3d3b47cdc9976886999"
    },
    "stringr": {
      "Package": "stringr",
      "Version": "1.4.0",
      "Source": "Repository",
      "Repository": "CRAN",
      "Hash": "0759e6b6c0957edb1311028a49a35e76"
    },
    "survival": {
      "Package": "survival",
      "Version": "3.2-11",
      "Source": "Repository",
      "Repository": "CRAN",
      "Hash": "f4d706b25d640dbaeb56d9c9b6ce9a22"
    },
    "sys": {
      "Package": "sys",
      "Version": "3.4",
      "Source": "Repository",
      "Repository": "CRAN",
      "Hash": "b227d13e29222b4574486cfcbde077fa"
    },
    "tibble": {
      "Package": "tibble",
      "Version": "3.1.5",
      "Source": "Repository",
      "Repository": "CRAN",
      "Hash": "36eb05ad4cfdfeaa56f5a9b2a1311efd"
    },
    "tidyr": {
      "Package": "tidyr",
      "Version": "1.1.4",
      "Source": "Repository",
      "Repository": "CRAN",
      "Hash": "c8fbdbd9fcac223d6c6fe8e406f368e1"
    },
    "tidyselect": {
      "Package": "tidyselect",
      "Version": "1.1.1",
      "Source": "Repository",
      "Repository": "CRAN",
      "Hash": "7243004a708d06d4716717fa1ff5b2fe"
    },
    "tzdb": {
      "Package": "tzdb",
      "Version": "0.1.2",
      "Source": "Repository",
      "Repository": "CRAN",
      "Hash": "fb2b801053decce71295bb8cb04d438b"
    },
    "utf8": {
      "Package": "utf8",
      "Version": "1.2.2",
      "Source": "Repository",
      "Repository": "CRAN",
      "Hash": "c9c462b759a5cc844ae25b5942654d13"
    },
    "vctrs": {
      "Package": "vctrs",
      "Version": "0.3.8",
      "Source": "Repository",
      "Repository": "CRAN",
      "Hash": "ecf749a1b39ea72bd9b51b76292261f1"
    },
    "viridisLite": {
      "Package": "viridisLite",
      "Version": "0.4.0",
      "Source": "Repository",
      "Repository": "CRAN",
      "Hash": "55e157e2aa88161bdb0754218470d204"
    },
    "vroom": {
      "Package": "vroom",
      "Version": "1.5.5",
      "Source": "Repository",
      "Repository": "CRAN",
      "Hash": "9c3b3a3f947c7936cea7485349247e5b"
    },
    "wateRmelon": {
      "Package": "wateRmelon",
      "Version": "1.34.0",
      "Source": "Bioconductor",
      "Hash": "df9ae4b565998840b11f11defd4b9d25"
    },
    "withr": {
      "Package": "withr",
      "Version": "2.4.2",
      "Source": "Repository",
      "Repository": "CRAN",
      "Hash": "ad03909b44677f930fa156d47d7a3aeb"
    },
    "xfun": {
      "Package": "xfun",
      "Version": "0.26",
      "Source": "Repository",
      "Repository": "CRAN",
      "Hash": "a270216f7ffda25e53298293046d1d05"
    },
    "xml2": {
      "Package": "xml2",
      "Version": "1.3.2",
      "Source": "Repository",
      "Repository": "CRAN",
      "Hash": "d4d71a75dd3ea9eb5fa28cc21f9585e2"
    },
    "xtable": {
      "Package": "xtable",
      "Version": "1.8-4",
      "Source": "Repository",
      "Repository": "CRAN",
      "Hash": "b8acdf8af494d9ec19ccb2481a9b11c2"
    },
    "yaml": {
      "Package": "yaml",
      "Version": "2.2.1",
      "Source": "Repository",
      "Repository": "CRAN",
      "Hash": "2826c5d9efb0a88f657c7a679c7106db"
    },
    "zlibbioc": {
      "Package": "zlibbioc",
      "Version": "1.36.0",
      "Source": "Bioconductor",
      "Hash": "effcbe90f6986ca6f81ce4d67db7238b"
    }
  }
}
